
Microsoft Visual Studio Solution File, Format Version 12.00
# Visual Studio Version 17
VisualStudioVersion = 17.3.32929.385
MinimumVisualStudioVersion = 10.0.40219.1
Project("{9A19103F-16F7-4668-BE54-9A1E7A4F7556}") = "TaxAPI", "TaxAPI\TaxAPI.csproj", "{D39A77D1-6956-436B-9BD2-C916B23D8243}"
EndProject
Project("{FAE04EC0-301F-11D3-BF4B-00C04F79EFBC}") = "UnitTests", "UnitTests\UnitTests.csproj", "{B615D582-CFE9-4682-B196-9E7A20B0774D}"
EndProject
Global
	GlobalSection(SolutionConfigurationPlatforms) = preSolution
		Debug|Any CPU = Debug|Any CPU
		Release|Any CPU = Release|Any CPU
	EndGlobalSection
	GlobalSection(ProjectConfigurationPlatforms) = postSolution
		{D39A77D1-6956-436B-9BD2-C916B23D8243}.Debug|Any CPU.ActiveCfg = Debug|Any CPU
		{D39A77D1-6956-436B-9BD2-C916B23D8243}.Debug|Any CPU.Build.0 = Debug|Any CPU
		{D39A77D1-6956-436B-9BD2-C916B23D8243}.Release|Any CPU.ActiveCfg = Release|Any CPU
		{D39A77D1-6956-436B-9BD2-C916B23D8243}.Release|Any CPU.Build.0 = Release|Any CPU
		{B615D582-CFE9-4682-B196-9E7A20B0774D}.Debug|Any CPU.ActiveCfg = Debug|Any CPU
		{B615D582-CFE9-4682-B196-9E7A20B0774D}.Debug|Any CPU.Build.0 = Debug|Any CPU
		{B615D582-CFE9-4682-B196-9E7A20B0774D}.Release|Any CPU.ActiveCfg = Release|Any CPU
		{B615D582-CFE9-4682-B196-9E7A20B0774D}.Release|Any CPU.Build.0 = Release|Any CPU
	EndGlobalSection
	GlobalSection(SolutionProperties) = preSolution
		HideSolutionNode = FALSE
	EndGlobalSection
	GlobalSection(ExtensibilityGlobals) = postSolution
		SolutionGuid = {A570040C-DB27-458B-B539-7F850634B6E1}
	EndGlobalSection
EndGlobal
